PODS:
  - BaiduMapKit (3.0.0)
  - MBProgressHUD (1.0.0)
  - MJRefresh (3.1.12)

DEPENDENCIES:
  - BaiduMapKit
  - MBProgressHUD
  - MJRefresh

SPEC CHECKSUMS:
  BaiduMapKit: de2a726d5296d6b2dc0e974b683af73153608dcd
  MBProgressHUD: 4890f671c94e8a0f3cf959aa731e9de2f036d71a
  MJRefresh: b96cdb21c4aa75a7b07654311ab2f315c497e806

PODFILE CHECKSUM: cec059da8fbb241e4b9edd2a26d54c3aca28c575

COCOAPODS: 1.0.1
